
Microsoft Visual Studio Solution File, Format Version 12.00
# Visual Studio Version 16
VisualStudioVersion = 16.0.32510.428
MinimumVisualStudioVersion = 10.0.40219.1
Project("{F184B08F-C81C-45F6-A57F-5ABD9991F28F}") = "LabTask4", "LabTask4.vbproj", "{2AA1C37B-5A82-4936-AF55-6BE367164A33}"
EndProject
Global
	GlobalSection(SolutionConfigurationPlatforms) = preSolution
		Debug|Any CPU = Debug|Any CPU
		Release|Any CPU = Release|Any CPU
	EndGlobalSection
	GlobalSection(ProjectConfigurationPlatforms) = postSolution
		{2AA1C37B-5A82-4936-AF55-6BE367164A33}.Debug|Any CPU.ActiveCfg = Debug|Any CPU
		{2AA1C37B-5A82-4936-AF55-6BE367164A33}.Debug|Any CPU.Build.0 = Debug|Any CPU
		{2AA1C37B-5A82-4936-AF55-6BE367164A33}.Release|Any CPU.ActiveCfg = Release|Any CPU
		{2AA1C37B-5A82-4936-AF55-6BE367164A33}.Release|Any CPU.Build.0 = Release|Any CPU
	EndGlobalSection
	GlobalSection(SolutionProperties) = preSolution
		HideSolutionNode = FALSE
	EndGlobalSection
	GlobalSection(ExtensibilityGlobals) = postSolution
		SolutionGuid = {CECD11BF-0B16-443E-BA6C-6689C56D46B8}
	EndGlobalSection
EndGlobal
